
Microsoft Visual Studio Solution File, Format Version 12.00
# Visual Studio Version 16
VisualStudioVersion = 16.0.29905.134
MinimumVisualStudioVersion = 10.0.40219.1
Project("{FAE04EC0-301F-11D3-BF4B-00C04F79EFBC}") = "FileProcessor.ConsoleApp", "FileProcessor.ConsoleApp.csproj", "{4082F748-DE49-494C-91AB-797DF729E6AF}"
EndProject
Project("{9A19103F-16F7-4668-BE54-9A1E7A4F7556}") = "FileProcessor.Entities", "..\..\dotNetCORE\FileProcessor.Entities\FileProcessor.Entities.csproj", "{464784C9-CADB-4AC9-8FEE-FCC73BCCE29C}"
EndProject
Project("{9A19103F-16F7-4668-BE54-9A1E7A4F7556}") = "FileProcessor.Repository", "..\..\dotNetCORE\FileProcessor.Repository\FileProcessor.Repository.csproj", "{1C0F5A52-66E2-4A94-ABA3-20C0C2D5BC1D}"
EndProject
Project("{9A19103F-16F7-4668-BE54-9A1E7A4F7556}") = "FileProcessor.Logic", "..\..\dotNetCORE\FileProcessor.Logic\FileProcessor.Logic.csproj", "{0779EA61-88EF-48C2-AE0C-CA658E0DCB6A}"
EndProject
Global
	GlobalSection(SolutionConfigurationPlatforms) = preSolution
		Debug|Any CPU = Debug|Any CPU
		Release|Any CPU = Release|Any CPU
	EndGlobalSection
	GlobalSection(ProjectConfigurationPlatforms) = postSolution
		{4082F748-DE49-494C-91AB-797DF729E6AF}.Debug|Any CPU.ActiveCfg = Debug|Any CPU
		{4082F748-DE49-494C-91AB-797DF729E6AF}.Debug|Any CPU.Build.0 = Debug|Any CPU
		{4082F748-DE49-494C-91AB-797DF729E6AF}.Release|Any CPU.ActiveCfg = Release|Any CPU
		{4082F748-DE49-494C-91AB-797DF729E6AF}.Release|Any CPU.Build.0 = Release|Any CPU
		{464784C9-CADB-4AC9-8FEE-FCC73BCCE29C}.Debug|Any CPU.ActiveCfg = Debug|Any CPU
		{464784C9-CADB-4AC9-8FEE-FCC73BCCE29C}.Debug|Any CPU.Build.0 = Debug|Any CPU
		{464784C9-CADB-4AC9-8FEE-FCC73BCCE29C}.Release|Any CPU.ActiveCfg = Release|Any CPU
		{464784C9-CADB-4AC9-8FEE-FCC73BCCE29C}.Release|Any CPU.Build.0 = Release|Any CPU
		{1C0F5A52-66E2-4A94-ABA3-20C0C2D5BC1D}.Debug|Any CPU.ActiveCfg = Debug|Any CPU
		{1C0F5A52-66E2-4A94-ABA3-20C0C2D5BC1D}.Debug|Any CPU.Build.0 = Debug|Any CPU
		{1C0F5A52-66E2-4A94-ABA3-20C0C2D5BC1D}.Release|Any CPU.ActiveCfg = Release|Any CPU
		{1C0F5A52-66E2-4A94-ABA3-20C0C2D5BC1D}.Release|Any CPU.Build.0 = Release|Any CPU
		{0779EA61-88EF-48C2-AE0C-CA658E0DCB6A}.Debug|Any CPU.ActiveCfg = Debug|Any CPU
		{0779EA61-88EF-48C2-AE0C-CA658E0DCB6A}.Debug|Any CPU.Build.0 = Debug|Any CPU
		{0779EA61-88EF-48C2-AE0C-CA658E0DCB6A}.Release|Any CPU.ActiveCfg = Release|Any CPU
		{0779EA61-88EF-48C2-AE0C-CA658E0DCB6A}.Release|Any CPU.Build.0 = Release|Any CPU
	EndGlobalSection
	GlobalSection(SolutionProperties) = preSolution
		HideSolutionNode = FALSE
	EndGlobalSection
	GlobalSection(ExtensibilityGlobals) = postSolution
		SolutionGuid = {A51FEAC8-A208-40BA-9F06-C4DE69D2F714}
	EndGlobalSection
EndGlobal
